// !$*UTF8*$!
{
	archiveVersion = 1;
	classes = {
	};
	objectVersion = 56;
	objects = {

/* Begin PBXBuildFile section */
		E411EAAE2B5B0105001D81C1 /* AirbnbApp.swift in Sources */ = {isa = PBXBuildFile; fileRef = E411EAAD2B5B0105001D81C1 /* AirbnbApp.swift */; };
		E411EAB02B5B0105001D81C1 /* ContentView.swift in Sources */ = {isa = PBXBuildFile; fileRef = E411EAAF2B5B0105001D81C1 /* ContentView.swift */; };
		E411EAB22B5B0108001D81C1 /* Assets.xcassets in Resources */ = {isa = PBXBuildFile; fileRef = E411EAB12B5B0108001D81C1 /* Assets.xcassets */; };
		E411EAB52B5B0108001D81C1 /* Preview Assets.xcassets in Resources */ = {isa = PBXBuildFile; fileRef = E411EAB42B5B0108001D81C1 /* Preview Assets.xcassets */; };
		E426941D2B5BCB500042F805 /* APIService.swift in Sources */ = {isa = PBXBuildFile; fileRef = E426941C2B5BCB500042F805 /* APIService.swift */; };
		E426941F2B5BCDC30042F805 /* AirbnbListingsView.swift in Sources */ = {isa = PBXBuildFile; fileRef = E426941E2B5BCDC30042F805 /* AirbnbListingsView.swift */; };
		E42694212B5BCE5B0042F805 /* AirbnbListingCardView.swift in Sources */ = {isa = PBXBuildFile; fileRef = E42694202B5BCE5B0042F805 /* AirbnbListingCardView.swift */; };
		E42694232B5BD0260042F805 /* AirbnbDetailView.swift in Sources */ = {isa = PBXBuildFile; fileRef = E42694222B5BD0260042F805 /* AirbnbDetailView.swift */; };
		E42694252B5BD22D0042F805 /* AirbnbListing.swift in Sources */ = {isa = PBXBuildFile; fileRef = E42694242B5BD22D0042F805 /* AirbnbListing.swift */; };
		E42694272B5BD23C0042F805 /* AirbnbListingResponse.swift in Sources */ = {isa = PBXBuildFile; fileRef = E42694262B5BD23C0042F805 /* AirbnbListingResponse.swift */; };
		E42694292B5BDDBB0042F805 /* AirbnbListingsViewViewModel.swift in Sources */ = {isa = PBXBuildFile; fileRef = E42694282B5BDDBB0042F805 /* AirbnbListingsViewViewModel.swift */; };
/* End PBXBuildFile section */

/* Begin PBXFileReference section */
		E411EAAA2B5B0105001D81C1 /* Airbnb.app */ = {isa = PBXFileReference; explicitFileType = wrapper.application; includeInIndex = 0; path = Airbnb.app; sourceTree = BUILT_PRODUCTS_DIR; };
		E411EAAD2B5B0105001D81C1 /* AirbnbApp.swift */ = {isa = PBXFileReference; lastKnownFileType = sourcecode.swift; path = AirbnbApp.swift; sourceTree = "<group>"; };
		E411EAAF2B5B0105001D81C1 /* ContentView.swift */ = {isa = PBXFileReference; lastKnownFileType = sourcecode.swift; path = ContentView.swift; sourceTree = "<group>"; };
		E411EAB12B5B0108001D81C1 /* Assets.xcassets */ = {isa = PBXFileReference; lastKnownFileType = folder.assetcatalog; path = Assets.xcassets; sourceTree = "<group>"; };
		E411EAB42B5B0108001D81C1 /* Preview Assets.xcassets */ = {isa = PBXFileReference; lastKnownFileType = folder.assetcatalog; path = "Preview Assets.xcassets"; sourceTree = "<group>"; };
		E426941C2B5BCB500042F805 /* APIService.swift */ = {isa = PBXFileReference; lastKnownFileType = sourcecode.swift; path = APIService.swift; sourceTree = "<group>"; };
		E426941E2B5BCDC30042F805 /* AirbnbListingsView.swift */ = {isa = PBXFileReference; lastKnownFileType = sourcecode.swift; path = AirbnbListingsView.swift; sourceTree = "<group>"; };
		E42694202B5BCE5B0042F805 /* AirbnbListingCardView.swift */ = {isa = PBXFileReference; lastKnownFileType = sourcecode.swift; path = AirbnbListingCardView.swift; sourceTree = "<group>"; };
		E42694222B5BD0260042F805 /* AirbnbDetailView.swift */ = {isa = PBXFileReference; lastKnownFileType = sourcecode.swift; path = AirbnbDetailView.swift; sourceTree = "<group>"; };
		E42694242B5BD22D0042F805 /* AirbnbListing.swift */ = {isa = PBXFileReference; lastKnownFileType = sourcecode.swift; path = AirbnbListing.swift; sourceTree = "<group>"; };
		E42694262B5BD23C0042F805 /* AirbnbListingResponse.swift */ = {isa = PBXFileReference; lastKnownFileType = sourcecode.swift; path = AirbnbListingResponse.swift; sourceTree = "<group>"; };
		E42694282B5BDDBB0042F805 /* AirbnbListingsViewViewModel.swift */ = {isa = PBXFileReference; lastKnownFileType = sourcecode.swift; path = AirbnbListingsViewViewModel.swift; sourceTree = "<group>"; };
/* End PBXFileReference section */

/* Begin PBXFrameworksBuildPhase section */
		E411EAA72B5B0105001D81C1 /* Frameworks */ = {
			isa = PBXFrameworksBuildPhase;
			buildActionMask = 2147483647;
			files = (
			);
			runOnlyForDeploymentPostprocessing = 0;
		};
/* End PBXFrameworksBuildPhase section */

/* Begin PBXGroup section */
		E411EAA12B5B0105001D81C1 = {
			isa = PBXGroup;
			children = (
				E411EAAC2B5B0105001D81C1 /* Airbnb */,
				E411EAAB2B5B0105001D81C1 /* Products */,
			);
			sourceTree = "<group>";
		};
		E411EAAB2B5B0105001D81C1 /* Products */ = {
			isa = PBXGroup;
			children = (
				E411EAAA2B5B0105001D81C1 /* Airbnb.app */,
			);
			name = Products;
			sourceTree = "<group>";
		};
		E411EAAC2B5B0105001D81C1 /* Airbnb */ = {
			isa = PBXGroup;
			children = (
				E426941B2B5BCB330042F805 /* Services */,
				E426941A2B5BCB290042F805 /* ViewModels */,
				E42694192B5BCB220042F805 /* Models */,
				E42694182B5BCB190042F805 /* Views */,
				E411EAAD2B5B0105001D81C1 /* AirbnbApp.swift */,
				E411EAB12B5B0108001D81C1 /* Assets.xcassets */,
				E411EAB32B5B0108001D81C1 /* Preview Content */,
			);
			path = Airbnb;
			sourceTree = "<group>";
		};
		E411EAB32B5B0108001D81C1 /* Preview Content */ = {
			isa = PBXGroup;
			children = (
				E411EAB42B5B0108001D81C1 /* Preview Assets.xcassets */,
			);
			path = "Preview Content";
			sourceTree = "<group>";
		};
		E42694182B5BCB190042F805 /* Views */ = {
			isa = PBXGroup;
			children = (
				E426941E2B5BCDC30042F805 /* AirbnbListingsView.swift */,
				E411EAAF2B5B0105001D81C1 /* ContentView.swift */,
				E42694202B5BCE5B0042F805 /* AirbnbListingCardView.swift */,
				E42694222B5BD0260042F805 /* AirbnbDetailView.swift */,
			);
			path = Views;
			sourceTree = "<group>";
		};
		E42694192B5BCB220042F805 /* Models */ = {
			isa = PBXGroup;
			children = (
				E42694242B5BD22D0042F805 /* AirbnbListing.swift */,
				E42694262B5BD23C0042F805 /* AirbnbListingResponse.swift */,
			);
			path = Models;
			sourceTree = "<group>";
		};
		E426941A2B5BCB290042F805 /* ViewModels */ = {
			isa = PBXGroup;
			children = (
				E42694282B5BDDBB0042F805 /* AirbnbListingsViewViewModel.swift */,
			);
			path = ViewModels;
			sourceTree = "<group>";
		};
		E426941B2B5BCB330042F805 /* Services */ = {
			isa = PBXGroup;
			children = (
				E426941C2B5BCB500042F805 /* APIService.swift */,
			);
			path = Services;
			sourceTree = "<group>";
		};
/* End PBXGroup section */

/* Begin PBXNativeTarget section */
		E411EAA92B5B0105001D81C1 /* Airbnb */ = {
			isa = PBXNativeTarget;
			buildConfigurationList = E411EAB82B5B0108001D81C1 /* Build configuration list for PBXNativeTarget "Airbnb" */;
			buildPhases = (
				E411EAA62B5B0105001D81C1 /* Sources */,
				E411EAA72B5B0105001D81C1 /* Frameworks */,
				E411EAA82B5B0105001D81C1 /* Resources */,
			);
			buildRules = (
			);
			dependencies = (
			);
			name = Airbnb;
			productName = Airbnb;
			productReference = E411EAAA2B5B0105001D81C1 /* Airbnb.app */;
			productType = "com.apple.product-type.application";
		};
/* End PBXNativeTarget section */

/* Begin PBXProject section */
		E411EAA22B5B0105001D81C1 /* Project object */ = {
			isa = PBXProject;
			attributes = {
				BuildIndependentTargetsInParallel = 1;
				LastSwiftUpdateCheck = 1500;
				LastUpgradeCheck = 1500;
				TargetAttributes = {
					E411EAA92B5B0105001D81C1 = {
						CreatedOnToolsVersion = 15.0.1;
					};
				};
			};
			buildConfigurationList = E411EAA52B5B0105001D81C1 /* Build configuration list for PBXProject "Airbnb" */;
			compatibilityVersion = "Xcode 14.0";
			developmentRegion = en;
			hasScannedForEncodings = 0;
			knownRegions = (
				en,
				Base,
			);
			mainGroup = E411EAA12B5B0105001D81C1;
			productRefGroup = E411EAAB2B5B0105001D81C1 /* Products */;
			projectDirPath = "";
			projectRoot = "";
			targets = (
				E411EAA92B5B0105001D81C1 /* Airbnb */,
			);
		};
/* End PBXProject section */

/* Begin PBXResourcesBuildPhase section */
		E411EAA82B5B0105001D81C1 /* Resources */ = {
			isa = PBXResourcesBuildPhase;
			buildActionMask = 2147483647;
			files = (
				E411EAB52B5B0108001D81C1 /* Preview Assets.xcassets in Resources */,
				E411EAB22B5B0108001D81C1 /* Assets.xcassets in Resources */,
			);
			runOnlyForDeploymentPostprocessing = 0;
		};
/* End PBXResourcesBuildPhase section */

/* Begin PBXSourcesBuildPhase section */
		E411EAA62B5B0105001D81C1 /* Sources */ = {
			isa = PBXSourcesBuildPhase;
			buildActionMask = 2147483647;
			files = (
				E42694252B5BD22D0042F805 /* AirbnbListing.swift in Sources */,
				E411EAB02B5B0105001D81C1 /* ContentView.swift in Sources */,
				E42694232B5BD0260042F805 /* AirbnbDetailView.swift in Sources */,
				E426941F2B5BCDC30042F805 /* AirbnbListingsView.swift in Sources */,
				E42694292B5BDDBB0042F805 /* AirbnbListingsViewViewModel.swift in Sources */,
				E42694212B5BCE5B0042F805 /* AirbnbListingCardView.swift in Sources */,
				E42694272B5BD23C0042F805 /* AirbnbListingResponse.swift in Sources */,
				E426941D2B5BCB500042F805 /* APIService.swift in Sources */,
				E411EAAE2B5B0105001D81C1 /* AirbnbApp.swift in Sources */,
			);
			runOnlyForDeploymentPostprocessing = 0;
		};
/* End PBXSourcesBuildPhase section */

/* Begin XCBuildConfiguration section */
		E411EAB62B5B0108001D81C1 /* Debug */ = {
			isa = XCBuildConfiguration;
			buildSettings = {
				ALWAYS_SEARCH_USER_PATHS = NO;
				ASSETCATALOG_COMPILER_GENERATE_SWIFT_ASSET_SYMBOL_EXTENSIONS = YES;
				CLANG_ANALYZER_NONNULL = YES;
				CLANG_ANALYZER_NUMBER_OBJECT_CONVERSION = YES_AGGRESSIVE;
				CLANG_CXX_LANGUAGE_STANDARD = "gnu++20";
				CLANG_ENABLE_MODULES = YES;
				CLANG_ENABLE_OBJC_ARC = YES;
				CLANG_ENABLE_OBJC_WEAK = YES;
				CLANG_WARN_BLOCK_CAPTURE_AUTORELEASING = YES;
				CLANG_WARN_BOOL_CONVERSION = YES;
				CLANG_WARN_COMMA = YES;
				CLANG_WARN_CONSTANT_CONVERSION = YES;
				CLANG_WARN_DEPRECATED_OBJC_IMPLEMENTATIONS = YES;
				CLANG_WARN_DIRECT_OBJC_ISA_USAGE = YES_ERROR;
				CLANG_WARN_DOCUMENTATION_COMMENTS = YES;
				CLANG_WARN_EMPTY_BODY = YES;
				CLANG_WARN_ENUM_CONVERSION = YES;
				CLANG_WARN_INFINITE_RECURSION = YES;
				CLANG_WARN_INT_CONVERSION = YES;
				CLANG_WARN_NON_LITERAL_NULL_CONVERSION = YES;
				CLANG_WARN_OBJC_IMPLICIT_RETAIN_SELF = YES;
				CLANG_WARN_OBJC_LITERAL_CONVERSION = YES;
				CLANG_WARN_OBJC_ROOT_CLASS = YES_ERROR;
				CLANG_WARN_QUOTED_INCLUDE_IN_FRAMEWORK_HEADER = YES;
				CLANG_WARN_RANGE_LOOP_ANALYSIS = YES;
				CLANG_WARN_STRICT_PROTOTYPES = YES;
				CLANG_WARN_SUSPICIOUS_MOVE = YES;
				CLANG_WARN_UNGUARDED_AVAILABILITY = YES_AGGRESSIVE;
				CLANG_WARN_UNREACHABLE_CODE = YES;
				CLANG_WARN__DUPLICATE_METHOD_MATCH = YES;
				COPY_PHASE_STRIP = NO;
				DEBUG_INFORMATION_FORMAT = dwarf;
				ENABLE_STRICT_OBJC_MSGSEND = YES;
				ENABLE_TESTABILITY = YES;
				ENABLE_USER_SCRIPT_SANDBOXING = YES;
				GCC_C_LANGUAGE_STANDARD = gnu17;
				GCC_DYNAMIC_NO_PIC = NO;
				GCC_NO_COMMON_BLOCKS = YES;
				GCC_OPTIMIZATION_LEVEL = 0;
				GCC_PREPROCESSOR_DEFINITIONS = (
					"DEBUG=1",
					"$(inherited)",
				);
				GCC_WARN_64_TO_32_BIT_CONVERSION = YES;
				GCC_WARN_ABOUT_RETURN_TYPE = YES_ERROR;
				GCC_WARN_UNDECLARED_SELECTOR = YES;
				GCC_WARN_UNINITIALIZED_AUTOS = YES_AGGRESSIVE;
				GCC_WARN_UNUSED_FUNCTION = YES;
				GCC_WARN_UNUSED_VARIABLE = YES;
				IPHONEOS_DEPLOYMENT_TARGET = 17.0;
				LOCALIZATION_PREFERS_STRING_CATALOGS = YES;
				MTL_ENABLE_DEBUG_INFO = INCLUDE_SOURCE;
				MTL_FAST_MATH = YES;
				ONLY_ACTIVE_ARCH = YES;
				SDKROOT = iphoneos;
				SWIFT_ACTIVE_COMPILATION_CONDITIONS = "DEBUG $(inherited)";
				SWIFT_OPTIMIZATION_LEVEL = "-Onone";
			};
			name = Debug;
		};
		E411EAB72B5B0108001D81C1 /* Release */ = {
			isa = XCBuildConfiguration;
			buildSettings = {
				ALWAYS_SEARCH_USER_PATHS = NO;
				ASSETCATALOG_COMPILER_GENERATE_SWIFT_ASSET_SYMBOL_EXTENSIONS = YES;
				CLANG_ANALYZER_NONNULL = YES;
				CLANG_ANALYZER_NUMBER_OBJECT_CONVERSION = YES_AGGRESSIVE;
				CLANG_CXX_LANGUAGE_STANDARD = "gnu++20";
				CLANG_ENABLE_MODULES = YES;
				CLANG_ENABLE_OBJC_ARC = YES;
				CLANG_ENABLE_OBJC_WEAK = YES;
				CLANG_WARN_BLOCK_CAPTURE_AUTORELEASING = YES;
				CLANG_WARN_BOOL_CONVERSION = YES;
				CLANG_WARN_COMMA = YES;
				CLANG_WARN_CONSTANT_CONVERSION = YES;
				CLANG_WARN_DEPRECATED_OBJC_IMPLEMENTATIONS = YES;
				CLANG_WARN_DIRECT_OBJC_ISA_USAGE = YES_ERROR;
				CLANG_WARN_DOCUMENTATION_COMMENTS = YES;
				CLANG_WARN_EMPTY_BODY = YES;
				CLANG_WARN_ENUM_CONVERSION = YES;
				CLANG_WARN_INFINITE_RECURSION = YES;
				CLANG_WARN_INT_CONVERSION = YES;
				CLANG_WARN_NON_LITERAL_NULL_CONVERSION = YES;
				CLANG_WARN_OBJC_IMPLICIT_RETAIN_SELF = YES;
				CLANG_WARN_OBJC_LITERAL_CONVERSION = YES;
				CLANG_WARN_OBJC_ROOT_CLASS = YES_ERROR;
				CLANG_WARN_QUOTED_INCLUDE_IN_FRAMEWORK_HEADER = YES;
				CLANG_WARN_RANGE_LOOP_ANALYSIS = YES;
				CLANG_WARN_STRICT_PROTOTYPES = YES;
				CLANG_WARN_SUSPICIOUS_MOVE = YES;
				CLANG_WARN_UNGUARDED_AVAILABILITY = YES_AGGRESSIVE;
				CLANG_WARN_UNREACHABLE_CODE = YES;
				CLANG_WARN__DUPLICATE_METHOD_MATCH = YES;
				COPY_PHASE_STRIP = NO;
				DEBUG_INFORMATION_FORMAT = "dwarf-with-dsym";
				ENABLE_NS_ASSERTIONS = NO;
				ENABLE_STRICT_OBJC_MSGSEND = YES;
				ENABLE_USER_SCRIPT_SANDBOXING = YES;
				GCC_C_LANGUAGE_STANDARD = gnu17;
				GCC_NO_COMMON_BLOCKS = YES;
				GCC_WARN_64_TO_32_BIT_CONVERSION = YES;
				GCC_WARN_ABOUT_RETURN_TYPE = YES_ERROR;
				GCC_WARN_UNDECLARED_SELECTOR = YES;
				GCC_WARN_UNINITIALIZED_AUTOS = YES_AGGRESSIVE;
				GCC_WARN_UNUSED_FUNCTION = YES;
				GCC_WARN_UNUSED_VARIABLE = YES;
				IPHONEOS_DEPLOYMENT_TARGET = 17.0;
				LOCALIZATION_PREFERS_STRING_CATALOGS = YES;
				MTL_ENABLE_DEBUG_INFO = NO;
				MTL_FAST_MATH = YES;
				SDKROOT = iphoneos;
				SWIFT_COMPILATION_MODE = wholemodule;
				VALIDATE_PRODUCT = YES;
			};
			name = Release;
		};
		E411EAB92B5B0108001D81C1 /* Debug */ = {
			isa = XCBuildConfiguration;
			buildSettings = {
				ASSETCATALOG_COMPILER_APPICON_NAME = AppIcon;
				ASSETCATALOG_COMPILER_GLOBAL_ACCENT_COLOR_NAME = AccentColor;
				CODE_SIGN_STYLE = Automatic;
				CURRENT_PROJECT_VERSION = 1;
				DEVELOPMENT_ASSET_PATHS = "\"Airbnb/Preview Content\"";
				DEVELOPMENT_TEAM = 7K4S55GKB4;
				ENABLE_PREVIEWS = YES;
				GENERATE_INFOPLIST_FILE = YES;
				INFOPLIST_KEY_UIApplicationSceneManifest_Generation = YES;
				INFOPLIST_KEY_UIApplicationSupportsIndirectInputEvents = YES;
				INFOPLIST_KEY_UILaunchScreen_Generation = YES;
				INFOPLIST_KEY_UISupportedInterfaceOrientations_iPad = "UIInterfaceOrientationPortrait UIInterfaceOrientationPortraitUpsideDown UIInterfaceOrientationLandscapeLeft UIInterfaceOrientationLandscapeRight";
				INFOPLIST_KEY_UISupportedInterfaceOrientations_iPhone = "UIInterfaceOrientationPortrait UIInterfaceOrientationLandscapeLeft UIInterfaceOrientationLandscapeRight";
				LD_RUNPATH_SEARCH_PATHS = (
					"$(inherited)",
					"@executable_path/Frameworks",
				);
				MARKETING_VERSION = 1.0;
				PRODUCT_BUNDLE_IDENTIFIER = com.mohit.Airbnb;
				PRODUCT_NAME = "$(TARGET_NAME)";
				SWIFT_EMIT_LOC_STRINGS = YES;
				SWIFT_VERSION = 5.0;
				TARGETED_DEVICE_FAMILY = "1,2";
			};
			name = Debug;
		};
		E411EABA2B5B0108001D81C1 /* Release */ = {
			isa = XCBuildConfiguration;
			buildSettings = {
				ASSETCATALOG_COMPILER_APPICON_NAME = AppIcon;
				ASSETCATALOG_COMPILER_GLOBAL_ACCENT_COLOR_NAME = AccentColor;
				CODE_SIGN_STYLE = Automatic;
				CURRENT_PROJECT_VERSION = 1;
				DEVELOPMENT_ASSET_PATHS = "\"Airbnb/Preview Content\"";
				DEVELOPMENT_TEAM = 7K4S55GKB4;
				ENABLE_PREVIEWS = YES;
				GENERATE_INFOPLIST_FILE = YES;
				INFOPLIST_KEY_UIApplicationSceneManifest_Generation = YES;
				INFOPLIST_KEY_UIApplicationSupportsIndirectInputEvents = YES;
				INFOPLIST_KEY_UILaunchScreen_Generation = YES;
				INFOPLIST_KEY_UISupportedInterfaceOrientations_iPad = "UIInterfaceOrientationPortrait UIInterfaceOrientationPortraitUpsideDown UIInterfaceOrientationLandscapeLeft UIInterfaceOrientationLandscapeRight";
				INFOPLIST_KEY_UISupportedInterfaceOrientations_iPhone = "UIInterfaceOrientationPortrait UIInterfaceOrientationLandscapeLeft UIInterfaceOrientationLandscapeRight";
				LD_RUNPATH_SEARCH_PATHS = (
					"$(inherited)",
					"@executable_path/Frameworks",
				);
				MARKETING_VERSION = 1.0;
				PRODUCT_BUNDLE_IDENTIFIER = com.mohit.Airbnb;
				PRODUCT_NAME = "$(TARGET_NAME)";
				SWIFT_EMIT_LOC_STRINGS = YES;
				SWIFT_VERSION = 5.0;
				TARGETED_DEVICE_FAMILY = "1,2";
			};
			name = Release;
		};
/* End XCBuildConfiguration section */

/* Begin XCConfigurationList section */
		E411EAA52B5B0105001D81C1 /* Build configuration list for PBXProject "Airbnb" */ = {
			isa = XCConfigurationList;
			buildConfigurations = (
				E411EAB62B5B0108001D81C1 /* Debug */,
				E411EAB72B5B0108001D81C1 /* Release */,
			);
			defaultConfigurationIsVisible = 0;
			defaultConfigurationName = Release;
		};
		E411EAB82B5B0108001D81C1 /* Build configuration list for PBXNativeTarget "Airbnb" */ = {
			isa = XCConfigurationList;
			buildConfigurations = (
				E411EAB92B5B0108001D81C1 /* Debug */,
				E411EABA2B5B0108001D81C1 /* Release */,
			);
			defaultConfigurationIsVisible = 0;
			defaultConfigurationName = Release;
		};
/* End XCConfigurationList section */
	};
	rootObject = E411EAA22B5B0105001D81C1 /* Project object */;
}
